
Microsoft Visual Studio Solution File, Format Version 12.00
# Visual Studio 15
VisualStudioVersion = 15.0.26430.13
MinimumVisualStudioVersion = 10.0.40219.1
Project("{FAE04EC0-301F-11D3-BF4B-00C04F79EFBC}") = "FiddlerJwtDecode", "FiddlerJwtDecode\FiddlerJwtDecode.csproj", "{F853B505-68CA-4F52-934C-46EE52A2F7E2}"
EndProject
Project("{FAE04EC0-301F-11D3-BF4B-00C04F79EFBC}") = "FiddlerJwtDecodeUiTest", "FiddlerJwtDecodeUiTest\FiddlerJwtDecodeUiTest.csproj", "{0582BEA7-3D2F-4EFE-826E-06227A4EAF33}"
EndProject
Global
	GlobalSection(SolutionConfigurationPlatforms) = preSolution
		Debug|Any CPU = Debug|Any CPU
		Release|Any CPU = Release|Any CPU
	EndGlobalSection
	GlobalSection(ProjectConfigurationPlatforms) = postSolution
		{F853B505-68CA-4F52-934C-46EE52A2F7E2}.Debug|Any CPU.ActiveCfg = Debug|Any CPU
		{F853B505-68CA-4F52-934C-46EE52A2F7E2}.Debug|Any CPU.Build.0 = Debug|Any CPU
		{F853B505-68CA-4F52-934C-46EE52A2F7E2}.Release|Any CPU.ActiveCfg = Release|Any CPU
		{F853B505-68CA-4F52-934C-46EE52A2F7E2}.Release|Any CPU.Build.0 = Release|Any CPU
		{0582BEA7-3D2F-4EFE-826E-06227A4EAF33}.Debug|Any CPU.ActiveCfg = Debug|Any CPU
		{0582BEA7-3D2F-4EFE-826E-06227A4EAF33}.Debug|Any CPU.Build.0 = Debug|Any CPU
		{0582BEA7-3D2F-4EFE-826E-06227A4EAF33}.Release|Any CPU.ActiveCfg = Release|Any CPU
		{0582BEA7-3D2F-4EFE-826E-06227A4EAF33}.Release|Any CPU.Build.0 = Release|Any CPU
	EndGlobalSection
	GlobalSection(SolutionProperties) = preSolution
		HideSolutionNode = FALSE
	EndGlobalSection
EndGlobal
